
Microsoft Visual Studio Solution File, Format Version 12.00
# Visual Studio Version 16
VisualStudioVersion = 16.0.30523.141
MinimumVisualStudioVersion = 10.0.40219.1
Project("{FAE04EC0-301F-11D3-BF4B-00C04F79EFBC}") = "HelloSourceControl", "HelloSourceControl\HelloSourceControl.csproj", "{A7E59D10-E74C-4388-8275-F15EF908708A}"
EndProject
Global
	GlobalSection(SolutionConfigurationPlatforms) = preSolution
		Debug|Any CPU = Debug|Any CPU
		Release|Any CPU = Release|Any CPU
	EndGlobalSection
	GlobalSection(ProjectConfigurationPlatforms) = postSolution
		{A7E59D10-E74C-4388-8275-F15EF908708A}.Debug|Any CPU.ActiveCfg = Debug|Any CPU
		{A7E59D10-E74C-4388-8275-F15EF908708A}.Debug|Any CPU.Build.0 = Debug|Any CPU
		{A7E59D10-E74C-4388-8275-F15EF908708A}.Release|Any CPU.ActiveCfg = Release|Any CPU
		{A7E59D10-E74C-4388-8275-F15EF908708A}.Release|Any CPU.Build.0 = Release|Any CPU
	EndGlobalSection
	GlobalSection(SolutionProperties) = preSolution
		HideSolutionNode = FALSE
	EndGlobalSection
	GlobalSection(ExtensibilityGlobals) = postSolution
		SolutionGuid = {4A73D85A-EE59-4059-8547-EE8A13A38E87}
	EndGlobalSection
EndGlobal
